
Microsoft Visual Studio Solution File, Format Version 12.00
# Visual Studio Version 17
VisualStudioVersion = 17.5.002.0
MinimumVisualStudioVersion = 10.0.40219.1
Project("{9A19103F-16F7-4668-BE54-9A1E7A4F7556}") = "DesafioPOO", "DesafioPOO.csproj", "{F143029D-91C2-431C-B2A5-BB2579EC210E}"
EndProject
Global
	GlobalSection(SolutionConfigurationPlatforms) = preSolution
		Debug|Any CPU = Debug|Any CPU
		Release|Any CPU = Release|Any CPU
	EndGlobalSection
	GlobalSection(ProjectConfigurationPlatforms) = postSolution
		{F143029D-91C2-431C-B2A5-BB2579EC210E}.Debug|Any CPU.ActiveCfg = Debug|Any CPU
		{F143029D-91C2-431C-B2A5-BB2579EC210E}.Debug|Any CPU.Build.0 = Debug|Any CPU
		{F143029D-91C2-431C-B2A5-BB2579EC210E}.Release|Any CPU.ActiveCfg = Release|Any CPU
		{F143029D-91C2-431C-B2A5-BB2579EC210E}.Release|Any CPU.Build.0 = Release|Any CPU
	EndGlobalSection
	GlobalSection(SolutionProperties) = preSolution
		HideSolutionNode = FALSE
	EndGlobalSection
	GlobalSection(ExtensibilityGlobals) = postSolution
		SolutionGuid = {42508B08-6E29-4119-9CD8-40756F3067C1}
	EndGlobalSection
EndGlobal
